
Microsoft Visual Studio Solution File, Format Version 12.00
# Visual Studio 15
VisualStudioVersion = 15.0.27004.2009
MinimumVisualStudioVersion = 10.0.40219.1
Project("{FAE04EC0-301F-11D3-BF4B-00C04F79EFBC}") = "WaxOnWaxOff", "WaxOnWaxOff\WaxOnWaxOff.csproj", "{DE885C79-6238-47E2-BEEB-985108DA6DEA}"
EndProject
Project("{2150E333-8FDC-42A3-9474-1A3956D46DE8}") = "Docs", "Docs", "{4BEC5227-657E-47BF-8BE4-D5E2E8E0E598}"
	ProjectSection(SolutionItems) = preProject
		App.licenseheader = App.licenseheader
		License.txt = License.txt
		README.md = README.md
	EndProjectSection
EndProject
Global
	GlobalSection(SolutionConfigurationPlatforms) = preSolution
		Debug|Any CPU = Debug|Any CPU
		Release|Any CPU = Release|Any CPU
	EndGlobalSection
	GlobalSection(ProjectConfigurationPlatforms) = postSolution
		{DE885C79-6238-47E2-BEEB-985108DA6DEA}.Debug|Any CPU.ActiveCfg = Debug|Any CPU
		{DE885C79-6238-47E2-BEEB-985108DA6DEA}.Debug|Any CPU.Build.0 = Debug|Any CPU
		{DE885C79-6238-47E2-BEEB-985108DA6DEA}.Release|Any CPU.ActiveCfg = Release|Any CPU
		{DE885C79-6238-47E2-BEEB-985108DA6DEA}.Release|Any CPU.Build.0 = Release|Any CPU
	EndGlobalSection
	GlobalSection(SolutionProperties) = preSolution
		HideSolutionNode = FALSE
	EndGlobalSection
	GlobalSection(ExtensibilityGlobals) = postSolution
		SolutionGuid = {15F68822-E6AB-48F7-B824-CEBB27B44745}
	EndGlobalSection
EndGlobal
